// !$*UTF8*$!
{
	archiveVersion = 1;
	classes = {
	};
	objectVersion = 50;
	objects = {

/* Begin PBXBuildFile section */
		07ABD43922DE7F7000979930 /* AppDelegate.m in Sources */ = {isa = PBXBuildFile; fileRef = 07ABD43822DE7F7000979930 /* AppDelegate.m */; };
		07ABD43C22DE7F7000979930 /* ViewController.m in Sources */ = {isa = PBXBuildFile; fileRef = 07ABD43B22DE7F7000979930 /* ViewController.m */; };
		07ABD43F22DE7F7000979930 /* Main.storyboard in Resources */ = {isa = PBXBuildFile; fileRef = 07ABD43D22DE7F7000979930 /* Main.storyboard */; };
		07ABD44122DE7F7200979930 /* Assets.xcassets in Resources */ = {isa = PBXBuildFile; fileRef = 07ABD44022DE7F7200979930 /* Assets.xcassets */; };
		07ABD44422DE7F7200979930 /* LaunchScreen.storyboard in Resources */ = {isa = PBXBuildFile; fileRef = 07ABD44222DE7F7200979930 /* LaunchScreen.storyboard */; };
		07ABD44722DE7F7200979930 /* main.m in Sources */ = {isa = PBXBuildFile; fileRef = 07ABD44622DE7F7200979930 /* main.m */; };
		07ABD44F22DE900D00979930 /* Object.m in Sources */ = {isa = PBXBuildFile; fileRef = 07ABD44E22DE900D00979930 /* Object.m */; };
/* End PBXBuildFile section */

/* Begin PBXFileReference section */
		07ABD43422DE7F7000979930 /* ParametersTest.app */ = {isa = PBXFileReference; explicitFileType = wrapper.application; includeInIndex = 0; path = ParametersTest.app; sourceTree = BUILT_PRODUCTS_DIR; };
		07ABD43722DE7F7000979930 /* AppDelegate.h */ = {isa = PBXFileReference; lastKnownFileType = sourcecode.c.h; path = AppDelegate.h; sourceTree = "<group>"; };
		07ABD43822DE7F7000979930 /* AppDelegate.m */ = {isa = PBXFileReference; lastKnownFileType = sourcecode.c.objc; path = AppDelegate.m; sourceTree = "<group>"; };
		07ABD43A22DE7F7000979930 /* ViewController.h */ = {isa = PBXFileReference; lastKnownFileType = sourcecode.c.h; path = ViewController.h; sourceTree = "<group>"; };
		07ABD43B22DE7F7000979930 /* ViewController.m */ = {isa = PBXFileReference; lastKnownFileType = sourcecode.c.objc; path = ViewController.m; sourceTree = "<group>"; };
		07ABD43E22DE7F7000979930 /* Base */ = {isa = PBXFileReference; lastKnownFileType = file.storyboard; name = Base; path = Base.lproj/Main.storyboard; sourceTree = "<group>"; };
		07ABD44022DE7F7200979930 /* Assets.xcassets */ = {isa = PBXFileReference; lastKnownFileType = folder.assetcatalog; path = Assets.xcassets; sourceTree = "<group>"; };
		07ABD44322DE7F7200979930 /* Base */ = {isa = PBXFileReference; lastKnownFileType = file.storyboard; name = Base; path = Base.lproj/LaunchScreen.storyboard; sourceTree = "<group>"; };
		07ABD44522DE7F7200979930 /* Info.plist */ = {isa = PBXFileReference; lastKnownFileType = text.plist.xml; path = Info.plist; sourceTree = "<group>"; };
		07ABD44622DE7F7200979930 /* main.m */ = {isa = PBXFileReference; lastKnownFileType = sourcecode.c.objc; path = main.m; sourceTree = "<group>"; };
		07ABD44D22DE900D00979930 /* Object.h */ = {isa = PBXFileReference; lastKnownFileType = sourcecode.c.h; path = Object.h; sourceTree = "<group>"; };
		07ABD44E22DE900D00979930 /* Object.m */ = {isa = PBXFileReference; lastKnownFileType = sourcecode.c.objc; path = Object.m; sourceTree = "<group>"; };
/* End PBXFileReference section */

/* Begin PBXFrameworksBuildPhase section */
		07ABD43122DE7F7000979930 /* Frameworks */ = {
			isa = PBXFrameworksBuildPhase;
			buildActionMask = 2147483647;
			files = (
			);
			runOnlyForDeploymentPostprocessing = 0;
		};
/* End PBXFrameworksBuildPhase section */

/* Begin PBXGroup section */
		07ABD42B22DE7F7000979930 = {
			isa = PBXGroup;
			children = (
				07ABD43622DE7F7000979930 /* ParametersTest */,
				07ABD43522DE7F7000979930 /* Products */,
			);
			sourceTree = "<group>";
		};
		07ABD43522DE7F7000979930 /* Products */ = {
			isa = PBXGroup;
			children = (
				07ABD43422DE7F7000979930 /* ParametersTest.app */,
			);
			name = Products;
			sourceTree = "<group>";
		};
		07ABD43622DE7F7000979930 /* ParametersTest */ = {
			isa = PBXGroup;
			children = (
				07ABD43722DE7F7000979930 /* AppDelegate.h */,
				07ABD43822DE7F7000979930 /* AppDelegate.m */,
				07ABD44D22DE900D00979930 /* Object.h */,
				07ABD44E22DE900D00979930 /* Object.m */,
				07ABD43A22DE7F7000979930 /* ViewController.h */,
				07ABD43B22DE7F7000979930 /* ViewController.m */,
				07ABD43D22DE7F7000979930 /* Main.storyboard */,
				07ABD44022DE7F7200979930 /* Assets.xcassets */,
				07ABD44222DE7F7200979930 /* LaunchScreen.storyboard */,
				07ABD44522DE7F7200979930 /* Info.plist */,
				07ABD44622DE7F7200979930 /* main.m */,
			);
			path = ParametersTest;
			sourceTree = "<group>";
		};
/* End PBXGroup section */

/* Begin PBXNativeTarget section */
		07ABD43322DE7F7000979930 /* ParametersTest */ = {
			isa = PBXNativeTarget;
			buildConfigurationList = 07ABD44A22DE7F7200979930 /* Build configuration list for PBXNativeTarget "ParametersTest" */;
			buildPhases = (
				07ABD43022DE7F7000979930 /* Sources */,
				07ABD43122DE7F7000979930 /* Frameworks */,
				07ABD43222DE7F7000979930 /* Resources */,
			);
			buildRules = (
			);
			dependencies = (
			);
			name = ParametersTest;
			productName = ParametersTest;
			productReference = 07ABD43422DE7F7000979930 /* ParametersTest.app */;
			productType = "com.apple.product-type.application";
		};
/* End PBXNativeTarget section */

/* Begin PBXProject section */
		07ABD42C22DE7F7000979930 /* Project object */ = {
			isa = PBXProject;
			attributes = {
				LastUpgradeCheck = 1020;
				ORGANIZATIONNAME = "Nikita Shumilin";
				TargetAttributes = {
					07ABD43322DE7F7000979930 = {
						CreatedOnToolsVersion = 10.2.1;
					};
				};
			};
			buildConfigurationList = 07ABD42F22DE7F7000979930 /* Build configuration list for PBXProject "ParametersTest" */;
			compatibilityVersion = "Xcode 9.3";
			developmentRegion = en;
			hasScannedForEncodings = 0;
			knownRegions = (
				en,
				Base,
			);
			mainGroup = 07ABD42B22DE7F7000979930;
			productRefGroup = 07ABD43522DE7F7000979930 /* Products */;
			projectDirPath = "";
			projectRoot = "";
			targets = (
				07ABD43322DE7F7000979930 /* ParametersTest */,
			);
		};
/* End PBXProject section */

/* Begin PBXResourcesBuildPhase section */
		07ABD43222DE7F7000979930 /* Resources */ = {
			isa = PBXResourcesBuildPhase;
			buildActionMask = 2147483647;
			files = (
				07ABD44422DE7F7200979930 /* LaunchScreen.storyboard in Resources */,
				07ABD44122DE7F7200979930 /* Assets.xcassets in Resources */,
				07ABD43F22DE7F7000979930 /* Main.storyboard in Resources */,
			);
			runOnlyForDeploymentPostprocessing = 0;
		};
/* End PBXResourcesBuildPhase section */

/* Begin PBXSourcesBuildPhase section */
		07ABD43022DE7F7000979930 /* Sources */ = {
			isa = PBXSourcesBuildPhase;
			buildActionMask = 2147483647;
			files = (
				07ABD43C22DE7F7000979930 /* ViewController.m in Sources */,
				07ABD44722DE7F7200979930 /* main.m in Sources */,
				07ABD44F22DE900D00979930 /* Object.m in Sources */,
				07ABD43922DE7F7000979930 /* AppDelegate.m in Sources */,
			);
			runOnlyForDeploymentPostprocessing = 0;
		};
/* End PBXSourcesBuildPhase section */

/* Begin PBXVariantGroup section */
		07ABD43D22DE7F7000979930 /* Main.storyboard */ = {
			isa = PBXVariantGroup;
			children = (
				07ABD43E22DE7F7000979930 /* Base */,
			);
			name = Main.storyboard;
			sourceTree = "<group>";
		};
		07ABD44222DE7F7200979930 /* LaunchScreen.storyboard */ = {
			isa = PBXVariantGroup;
			children = (
				07ABD44322DE7F7200979930 /* Base */,
			);
			name = LaunchScreen.storyboard;
			sourceTree = "<group>";
		};
/* End PBXVariantGroup section */

/* Begin XCBuildConfiguration section */
		07ABD44822DE7F7200979930 /* Debug */ = {
			isa = XCBuildConfiguration;
			buildSettings = {
				ALWAYS_SEARCH_USER_PATHS = NO;
				CLANG_ANALYZER_NONNULL = YES;
				CLANG_ANALYZER_NUMBER_OBJECT_CONVERSION = YES_AGGRESSIVE;
				CLANG_CXX_LANGUAGE_STANDARD = "gnu++14";
				CLANG_CXX_LIBRARY = "libc++";
				CLANG_ENABLE_MODULES = YES;
				CLANG_ENABLE_OBJC_ARC = YES;
				CLANG_ENABLE_OBJC_WEAK = YES;
				CLANG_WARN_BLOCK_CAPTURE_AUTORELEASING = YES;
				CLANG_WARN_BOOL_CONVERSION = YES;
				CLANG_WARN_COMMA = YES;
				CLANG_WARN_CONSTANT_CONVERSION = YES;
				CLANG_WARN_DEPRECATED_OBJC_IMPLEMENTATIONS = YES;
				CLANG_WARN_DIRECT_OBJC_ISA_USAGE = YES_ERROR;
				CLANG_WARN_DOCUMENTATION_COMMENTS = YES;
				CLANG_WARN_EMPTY_BODY = YES;
				CLANG_WARN_ENUM_CONVERSION = YES;
				CLANG_WARN_INFINITE_RECURSION = YES;
				CLANG_WARN_INT_CONVERSION = YES;
				CLANG_WARN_NON_LITERAL_NULL_CONVERSION = YES;
				CLANG_WARN_OBJC_IMPLICIT_RETAIN_SELF = YES;
				CLANG_WARN_OBJC_LITERAL_CONVERSION = YES;
				CLANG_WARN_OBJC_ROOT_CLASS = YES_ERROR;
				CLANG_WARN_RANGE_LOOP_ANALYSIS = YES;
				CLANG_WARN_STRICT_PROTOTYPES = YES;
				CLANG_WARN_SUSPICIOUS_MOVE = YES;
				CLANG_WARN_UNGUARDED_AVAILABILITY = YES_AGGRESSIVE;
				CLANG_WARN_UNREACHABLE_CODE = YES;
				CLANG_WARN__DUPLICATE_METHOD_MATCH = YES;
				CODE_SIGN_IDENTITY = "iPhone Developer";
				COPY_PHASE_STRIP = NO;
				DEBUG_INFORMATION_FORMAT = dwarf;
				ENABLE_STRICT_OBJC_MSGSEND = YES;
				ENABLE_TESTABILITY = YES;
				GCC_C_LANGUAGE_STANDARD = gnu11;
				GCC_DYNAMIC_NO_PIC = NO;
				GCC_NO_COMMON_BLOCKS = YES;
				GCC_OPTIMIZATION_LEVEL = 0;
				GCC_PREPROCESSOR_DEFINITIONS = (
					"DEBUG=1",
					"$(inherited)",
				);
				GCC_WARN_64_TO_32_BIT_CONVERSION = YES;
				GCC_WARN_ABOUT_RETURN_TYPE = YES_ERROR;
				GCC_WARN_UNDECLARED_SELECTOR = YES;
				GCC_WARN_UNINITIALIZED_AUTOS = YES_AGGRESSIVE;
				GCC_WARN_UNUSED_FUNCTION = YES;
				GCC_WARN_UNUSED_VARIABLE = YES;
				IPHONEOS_DEPLOYMENT_TARGET = 12.2;
				MTL_ENABLE_DEBUG_INFO = INCLUDE_SOURCE;
				MTL_FAST_MATH = YES;
				ONLY_ACTIVE_ARCH = YES;
				SDKROOT = iphoneos;
			};
			name = Debug;
		};
		07ABD44922DE7F7200979930 /* Release */ = {
			isa = XCBuildConfiguration;
			buildSettings = {
				ALWAYS_SEARCH_USER_PATHS = NO;
				CLANG_ANALYZER_NONNULL = YES;
				CLANG_ANALYZER_NUMBER_OBJECT_CONVERSION = YES_AGGRESSIVE;
				CLANG_CXX_LANGUAGE_STANDARD = "gnu++14";
				CLANG_CXX_LIBRARY = "libc++";
				CLANG_ENABLE_MODULES = YES;
				CLANG_ENABLE_OBJC_ARC = YES;
				CLANG_ENABLE_OBJC_WEAK = YES;
				CLANG_WARN_BLOCK_CAPTURE_AUTORELEASING = YES;
				CLANG_WARN_BOOL_CONVERSION = YES;
				CLANG_WARN_COMMA = YES;
				CLANG_WARN_CONSTANT_CONVERSION = YES;
				CLANG_WARN_DEPRECATED_OBJC_IMPLEMENTATIONS = YES;
				CLANG_WARN_DIRECT_OBJC_ISA_USAGE = YES_ERROR;
				CLANG_WARN_DOCUMENTATION_COMMENTS = YES;
				CLANG_WARN_EMPTY_BODY = YES;
				CLANG_WARN_ENUM_CONVERSION = YES;
				CLANG_WARN_INFINITE_RECURSION = YES;
				CLANG_WARN_INT_CONVERSION = YES;
				CLANG_WARN_NON_LITERAL_NULL_CONVERSION = YES;
				CLANG_WARN_OBJC_IMPLICIT_RETAIN_SELF = YES;
				CLANG_WARN_OBJC_LITERAL_CONVERSION = YES;
				CLANG_WARN_OBJC_ROOT_CLASS = YES_ERROR;
				CLANG_WARN_RANGE_LOOP_ANALYSIS = YES;
				CLANG_WARN_STRICT_PROTOTYPES = YES;
				CLANG_WARN_SUSPICIOUS_MOVE = YES;
				CLANG_WARN_UNGUARDED_AVAILABILITY = YES_AGGRESSIVE;
				CLANG_WARN_UNREACHABLE_CODE = YES;
				CLANG_WARN__DUPLICATE_METHOD_MATCH = YES;
				CODE_SIGN_IDENTITY = "iPhone Developer";
				COPY_PHASE_STRIP = NO;
				DEBUG_INFORMATION_FORMAT = "dwarf-with-dsym";
				ENABLE_NS_ASSERTIONS = NO;
				ENABLE_STRICT_OBJC_MSGSEND = YES;
				GCC_C_LANGUAGE_STANDARD = gnu11;
				GCC_NO_COMMON_BLOCKS = YES;
				GCC_WARN_64_TO_32_BIT_CONVERSION = YES;
				GCC_WARN_ABOUT_RETURN_TYPE = YES_ERROR;
				GCC_WARN_UNDECLARED_SELECTOR = YES;
				GCC_WARN_UNINITIALIZED_AUTOS = YES_AGGRESSIVE;
				GCC_WARN_UNUSED_FUNCTION = YES;
				GCC_WARN_UNUSED_VARIABLE = YES;
				IPHONEOS_DEPLOYMENT_TARGET = 12.2;
				MTL_ENABLE_DEBUG_INFO = NO;
				MTL_FAST_MATH = YES;
				SDKROOT = iphoneos;
				VALIDATE_PRODUCT = YES;
			};
			name = Release;
		};
		07ABD44B22DE7F7200979930 /* Debug */ = {
			isa = XCBuildConfiguration;
			buildSettings = {
				ASSETCATALOG_COMPILER_APPICON_NAME = AppIcon;
				CODE_SIGN_STYLE = Automatic;
				DEVELOPMENT_TEAM = 8K6XPBTM28;
				INFOPLIST_FILE = ParametersTest/Info.plist;
				LD_RUNPATH_SEARCH_PATHS = (
					"$(inherited)",
					"@executable_path/Frameworks",
				);
				PRODUCT_BUNDLE_IDENTIFIER = com.nikshhu.ParametersTest;
				PRODUCT_NAME = "$(TARGET_NAME)";
				TARGETED_DEVICE_FAMILY = "1,2";
			};
			name = Debug;
		};
		07ABD44C22DE7F7200979930 /* Release */ = {
			isa = XCBuildConfiguration;
			buildSettings = {
				ASSETCATALOG_COMPILER_APPICON_NAME = AppIcon;
				CODE_SIGN_STYLE = Automatic;
				DEVELOPMENT_TEAM = 8K6XPBTM28;
				INFOPLIST_FILE = ParametersTest/Info.plist;
				LD_RUNPATH_SEARCH_PATHS = (
					"$(inherited)",
					"@executable_path/Frameworks",
				);
				PRODUCT_BUNDLE_IDENTIFIER = com.nikshhu.ParametersTest;
				PRODUCT_NAME = "$(TARGET_NAME)";
				TARGETED_DEVICE_FAMILY = "1,2";
			};
			name = Release;
		};
/* End XCBuildConfiguration section */

/* Begin XCConfigurationList section */
		07ABD42F22DE7F7000979930 /* Build configuration list for PBXProject "ParametersTest" */ = {
			isa = XCConfigurationList;
			buildConfigurations = (
				07ABD44822DE7F7200979930 /* Debug */,
				07ABD44922DE7F7200979930 /* Release */,
			);
			defaultConfigurationIsVisible = 0;
			defaultConfigurationName = Release;
		};
		07ABD44A22DE7F7200979930 /* Build configuration list for PBXNativeTarget "ParametersTest" */ = {
			isa = XCConfigurationList;
			buildConfigurations = (
				07ABD44B22DE7F7200979930 /* Debug */,
				07ABD44C22DE7F7200979930 /* Release */,
			);
			defaultConfigurationIsVisible = 0;
			defaultConfigurationName = Release;
		};
/* End XCConfigurationList section */
	};
	rootObject = 07ABD42C22DE7F7000979930 /* Project object */;
}
