// !$*UTF8*$!
{
	archiveVersion = 1;
	classes = {
	};
	objectVersion = 50;
	objects = {

/* Begin PBXBuildFile section */
		079B62E623095AD00046912D /* AppDelegate.m in Sources */ = {isa = PBXBuildFile; fileRef = 079B62E523095AD00046912D /* AppDelegate.m */; };
		079B62E923095AD00046912D /* ViewController.m in Sources */ = {isa = PBXBuildFile; fileRef = 079B62E823095AD00046912D /* ViewController.m */; };
		079B62EC23095AD00046912D /* Main.storyboard in Resources */ = {isa = PBXBuildFile; fileRef = 079B62EA23095AD00046912D /* Main.storyboard */; };
		079B62EE23095AD10046912D /* Assets.xcassets in Resources */ = {isa = PBXBuildFile; fileRef = 079B62ED23095AD10046912D /* Assets.xcassets */; };
		079B62F123095AD10046912D /* LaunchScreen.storyboard in Resources */ = {isa = PBXBuildFile; fileRef = 079B62EF23095AD10046912D /* LaunchScreen.storyboard */; };
		079B62F423095AD10046912D /* main.m in Sources */ = {isa = PBXBuildFile; fileRef = 079B62F323095AD10046912D /* main.m */; };
		079B62FC2309A5D10046912D /* Object.m in Sources */ = {isa = PBXBuildFile; fileRef = 079B62FB2309A5D10046912D /* Object.m */; };
/* End PBXBuildFile section */

/* Begin PBXFileReference section */
		079B62E123095ACF0046912D /* BlocksTest.app */ = {isa = PBXFileReference; explicitFileType = wrapper.application; includeInIndex = 0; path = BlocksTest.app; sourceTree = BUILT_PRODUCTS_DIR; };
		079B62E423095ACF0046912D /* AppDelegate.h */ = {isa = PBXFileReference; lastKnownFileType = sourcecode.c.h; path = AppDelegate.h; sourceTree = "<group>"; };
		079B62E523095AD00046912D /* AppDelegate.m */ = {isa = PBXFileReference; lastKnownFileType = sourcecode.c.objc; path = AppDelegate.m; sourceTree = "<group>"; };
		079B62E723095AD00046912D /* ViewController.h */ = {isa = PBXFileReference; lastKnownFileType = sourcecode.c.h; path = ViewController.h; sourceTree = "<group>"; };
		079B62E823095AD00046912D /* ViewController.m */ = {isa = PBXFileReference; lastKnownFileType = sourcecode.c.objc; path = ViewController.m; sourceTree = "<group>"; };
		079B62EB23095AD00046912D /* Base */ = {isa = PBXFileReference; lastKnownFileType = file.storyboard; name = Base; path = Base.lproj/Main.storyboard; sourceTree = "<group>"; };
		079B62ED23095AD10046912D /* Assets.xcassets */ = {isa = PBXFileReference; lastKnownFileType = folder.assetcatalog; path = Assets.xcassets; sourceTree = "<group>"; };
		079B62F023095AD10046912D /* Base */ = {isa = PBXFileReference; lastKnownFileType = file.storyboard; name = Base; path = Base.lproj/LaunchScreen.storyboard; sourceTree = "<group>"; };
		079B62F223095AD10046912D /* Info.plist */ = {isa = PBXFileReference; lastKnownFileType = text.plist.xml; path = Info.plist; sourceTree = "<group>"; };
		079B62F323095AD10046912D /* main.m */ = {isa = PBXFileReference; lastKnownFileType = sourcecode.c.objc; path = main.m; sourceTree = "<group>"; };
		079B62FA2309A5D10046912D /* Object.h */ = {isa = PBXFileReference; lastKnownFileType = sourcecode.c.h; path = Object.h; sourceTree = "<group>"; };
		079B62FB2309A5D10046912D /* Object.m */ = {isa = PBXFileReference; lastKnownFileType = sourcecode.c.objc; path = Object.m; sourceTree = "<group>"; };
/* End PBXFileReference section */

/* Begin PBXFrameworksBuildPhase section */
		079B62DE23095ACF0046912D /* Frameworks */ = {
			isa = PBXFrameworksBuildPhase;
			buildActionMask = 2147483647;
			files = (
			);
			runOnlyForDeploymentPostprocessing = 0;
		};
/* End PBXFrameworksBuildPhase section */

/* Begin PBXGroup section */
		079B62D823095ACF0046912D = {
			isa = PBXGroup;
			children = (
				079B62E323095ACF0046912D /* BlocksTest */,
				079B62E223095ACF0046912D /* Products */,
			);
			sourceTree = "<group>";
		};
		079B62E223095ACF0046912D /* Products */ = {
			isa = PBXGroup;
			children = (
				079B62E123095ACF0046912D /* BlocksTest.app */,
			);
			name = Products;
			sourceTree = "<group>";
		};
		079B62E323095ACF0046912D /* BlocksTest */ = {
			isa = PBXGroup;
			children = (
				079B62FA2309A5D10046912D /* Object.h */,
				079B62FB2309A5D10046912D /* Object.m */,
				079B62E423095ACF0046912D /* AppDelegate.h */,
				079B62E523095AD00046912D /* AppDelegate.m */,
				079B62E723095AD00046912D /* ViewController.h */,
				079B62E823095AD00046912D /* ViewController.m */,
				079B62EA23095AD00046912D /* Main.storyboard */,
				079B62ED23095AD10046912D /* Assets.xcassets */,
				079B62EF23095AD10046912D /* LaunchScreen.storyboard */,
				079B62F223095AD10046912D /* Info.plist */,
				079B62F323095AD10046912D /* main.m */,
			);
			path = BlocksTest;
			sourceTree = "<group>";
		};
/* End PBXGroup section */

/* Begin PBXNativeTarget section */
		079B62E023095ACF0046912D /* BlocksTest */ = {
			isa = PBXNativeTarget;
			buildConfigurationList = 079B62F723095AD10046912D /* Build configuration list for PBXNativeTarget "BlocksTest" */;
			buildPhases = (
				079B62DD23095ACF0046912D /* Sources */,
				079B62DE23095ACF0046912D /* Frameworks */,
				079B62DF23095ACF0046912D /* Resources */,
			);
			buildRules = (
			);
			dependencies = (
			);
			name = BlocksTest;
			productName = BlocksTest;
			productReference = 079B62E123095ACF0046912D /* BlocksTest.app */;
			productType = "com.apple.product-type.application";
		};
/* End PBXNativeTarget section */

/* Begin PBXProject section */
		079B62D923095ACF0046912D /* Project object */ = {
			isa = PBXProject;
			attributes = {
				LastUpgradeCheck = 1030;
				ORGANIZATIONNAME = "Nikita Shumilin";
				TargetAttributes = {
					079B62E023095ACF0046912D = {
						CreatedOnToolsVersion = 10.3;
					};
				};
			};
			buildConfigurationList = 079B62DC23095ACF0046912D /* Build configuration list for PBXProject "BlocksTest" */;
			compatibilityVersion = "Xcode 9.3";
			developmentRegion = en;
			hasScannedForEncodings = 0;
			knownRegions = (
				en,
				Base,
			);
			mainGroup = 079B62D823095ACF0046912D;
			productRefGroup = 079B62E223095ACF0046912D /* Products */;
			projectDirPath = "";
			projectRoot = "";
			targets = (
				079B62E023095ACF0046912D /* BlocksTest */,
			);
		};
/* End PBXProject section */

/* Begin PBXResourcesBuildPhase section */
		079B62DF23095ACF0046912D /* Resources */ = {
			isa = PBXResourcesBuildPhase;
			buildActionMask = 2147483647;
			files = (
				079B62F123095AD10046912D /* LaunchScreen.storyboard in Resources */,
				079B62EE23095AD10046912D /* Assets.xcassets in Resources */,
				079B62EC23095AD00046912D /* Main.storyboard in Resources */,
			);
			runOnlyForDeploymentPostprocessing = 0;
		};
/* End PBXResourcesBuildPhase section */

/* Begin PBXSourcesBuildPhase section */
		079B62DD23095ACF0046912D /* Sources */ = {
			isa = PBXSourcesBuildPhase;
			buildActionMask = 2147483647;
			files = (
				079B62E923095AD00046912D /* ViewController.m in Sources */,
				079B62F423095AD10046912D /* main.m in Sources */,
				079B62FC2309A5D10046912D /* Object.m in Sources */,
				079B62E623095AD00046912D /* AppDelegate.m in Sources */,
			);
			runOnlyForDeploymentPostprocessing = 0;
		};
/* End PBXSourcesBuildPhase section */

/* Begin PBXVariantGroup section */
		079B62EA23095AD00046912D /* Main.storyboard */ = {
			isa = PBXVariantGroup;
			children = (
				079B62EB23095AD00046912D /* Base */,
			);
			name = Main.storyboard;
			sourceTree = "<group>";
		};
		079B62EF23095AD10046912D /* LaunchScreen.storyboard */ = {
			isa = PBXVariantGroup;
			children = (
				079B62F023095AD10046912D /* Base */,
			);
			name = LaunchScreen.storyboard;
			sourceTree = "<group>";
		};
/* End PBXVariantGroup section */

/* Begin XCBuildConfiguration section */
		079B62F523095AD10046912D /* Debug */ = {
			isa = XCBuildConfiguration;
			buildSettings = {
				ALWAYS_SEARCH_USER_PATHS = NO;
				CLANG_ANALYZER_NONNULL = YES;
				CLANG_ANALYZER_NUMBER_OBJECT_CONVERSION = YES_AGGRESSIVE;
				CLANG_CXX_LANGUAGE_STANDARD = "gnu++14";
				CLANG_CXX_LIBRARY = "libc++";
				CLANG_ENABLE_MODULES = YES;
				CLANG_ENABLE_OBJC_ARC = YES;
				CLANG_ENABLE_OBJC_WEAK = YES;
				CLANG_WARN_BLOCK_CAPTURE_AUTORELEASING = YES;
				CLANG_WARN_BOOL_CONVERSION = YES;
				CLANG_WARN_COMMA = YES;
				CLANG_WARN_CONSTANT_CONVERSION = YES;
				CLANG_WARN_DEPRECATED_OBJC_IMPLEMENTATIONS = YES;
				CLANG_WARN_DIRECT_OBJC_ISA_USAGE = YES_ERROR;
				CLANG_WARN_DOCUMENTATION_COMMENTS = YES;
				CLANG_WARN_EMPTY_BODY = YES;
				CLANG_WARN_ENUM_CONVERSION = YES;
				CLANG_WARN_INFINITE_RECURSION = YES;
				CLANG_WARN_INT_CONVERSION = YES;
				CLANG_WARN_NON_LITERAL_NULL_CONVERSION = YES;
				CLANG_WARN_OBJC_IMPLICIT_RETAIN_SELF = YES;
				CLANG_WARN_OBJC_LITERAL_CONVERSION = YES;
				CLANG_WARN_OBJC_ROOT_CLASS = YES_ERROR;
				CLANG_WARN_RANGE_LOOP_ANALYSIS = YES;
				CLANG_WARN_STRICT_PROTOTYPES = YES;
				CLANG_WARN_SUSPICIOUS_MOVE = YES;
				CLANG_WARN_UNGUARDED_AVAILABILITY = YES_AGGRESSIVE;
				CLANG_WARN_UNREACHABLE_CODE = YES;
				CLANG_WARN__DUPLICATE_METHOD_MATCH = YES;
				CODE_SIGN_IDENTITY = "iPhone Developer";
				COPY_PHASE_STRIP = NO;
				DEBUG_INFORMATION_FORMAT = dwarf;
				ENABLE_STRICT_OBJC_MSGSEND = YES;
				ENABLE_TESTABILITY = YES;
				GCC_C_LANGUAGE_STANDARD = gnu11;
				GCC_DYNAMIC_NO_PIC = NO;
				GCC_NO_COMMON_BLOCKS = YES;
				GCC_OPTIMIZATION_LEVEL = 0;
				GCC_PREPROCESSOR_DEFINITIONS = (
					"DEBUG=1",
					"$(inherited)",
				);
				GCC_WARN_64_TO_32_BIT_CONVERSION = YES;
				GCC_WARN_ABOUT_RETURN_TYPE = YES_ERROR;
				GCC_WARN_UNDECLARED_SELECTOR = YES;
				GCC_WARN_UNINITIALIZED_AUTOS = YES_AGGRESSIVE;
				GCC_WARN_UNUSED_FUNCTION = YES;
				GCC_WARN_UNUSED_VARIABLE = YES;
				IPHONEOS_DEPLOYMENT_TARGET = 12.4;
				MTL_ENABLE_DEBUG_INFO = INCLUDE_SOURCE;
				MTL_FAST_MATH = YES;
				ONLY_ACTIVE_ARCH = YES;
				SDKROOT = iphoneos;
			};
			name = Debug;
		};
		079B62F623095AD10046912D /* Release */ = {
			isa = XCBuildConfiguration;
			buildSettings = {
				ALWAYS_SEARCH_USER_PATHS = NO;
				CLANG_ANALYZER_NONNULL = YES;
				CLANG_ANALYZER_NUMBER_OBJECT_CONVERSION = YES_AGGRESSIVE;
				CLANG_CXX_LANGUAGE_STANDARD = "gnu++14";
				CLANG_CXX_LIBRARY = "libc++";
				CLANG_ENABLE_MODULES = YES;
				CLANG_ENABLE_OBJC_ARC = YES;
				CLANG_ENABLE_OBJC_WEAK = YES;
				CLANG_WARN_BLOCK_CAPTURE_AUTORELEASING = YES;
				CLANG_WARN_BOOL_CONVERSION = YES;
				CLANG_WARN_COMMA = YES;
				CLANG_WARN_CONSTANT_CONVERSION = YES;
				CLANG_WARN_DEPRECATED_OBJC_IMPLEMENTATIONS = YES;
				CLANG_WARN_DIRECT_OBJC_ISA_USAGE = YES_ERROR;
				CLANG_WARN_DOCUMENTATION_COMMENTS = YES;
				CLANG_WARN_EMPTY_BODY = YES;
				CLANG_WARN_ENUM_CONVERSION = YES;
				CLANG_WARN_INFINITE_RECURSION = YES;
				CLANG_WARN_INT_CONVERSION = YES;
				CLANG_WARN_NON_LITERAL_NULL_CONVERSION = YES;
				CLANG_WARN_OBJC_IMPLICIT_RETAIN_SELF = YES;
				CLANG_WARN_OBJC_LITERAL_CONVERSION = YES;
				CLANG_WARN_OBJC_ROOT_CLASS = YES_ERROR;
				CLANG_WARN_RANGE_LOOP_ANALYSIS = YES;
				CLANG_WARN_STRICT_PROTOTYPES = YES;
				CLANG_WARN_SUSPICIOUS_MOVE = YES;
				CLANG_WARN_UNGUARDED_AVAILABILITY = YES_AGGRESSIVE;
				CLANG_WARN_UNREACHABLE_CODE = YES;
				CLANG_WARN__DUPLICATE_METHOD_MATCH = YES;
				CODE_SIGN_IDENTITY = "iPhone Developer";
				COPY_PHASE_STRIP = NO;
				DEBUG_INFORMATION_FORMAT = "dwarf-with-dsym";
				ENABLE_NS_ASSERTIONS = NO;
				ENABLE_STRICT_OBJC_MSGSEND = YES;
				GCC_C_LANGUAGE_STANDARD = gnu11;
				GCC_NO_COMMON_BLOCKS = YES;
				GCC_WARN_64_TO_32_BIT_CONVERSION = YES;
				GCC_WARN_ABOUT_RETURN_TYPE = YES_ERROR;
				GCC_WARN_UNDECLARED_SELECTOR = YES;
				GCC_WARN_UNINITIALIZED_AUTOS = YES_AGGRESSIVE;
				GCC_WARN_UNUSED_FUNCTION = YES;
				GCC_WARN_UNUSED_VARIABLE = YES;
				IPHONEOS_DEPLOYMENT_TARGET = 12.4;
				MTL_ENABLE_DEBUG_INFO = NO;
				MTL_FAST_MATH = YES;
				SDKROOT = iphoneos;
				VALIDATE_PRODUCT = YES;
			};
			name = Release;
		};
		079B62F823095AD10046912D /* Debug */ = {
			isa = XCBuildConfiguration;
			buildSettings = {
				ASSETCATALOG_COMPILER_APPICON_NAME = AppIcon;
				CODE_SIGN_STYLE = Automatic;
				DEVELOPMENT_TEAM = 8K6XPBTM28;
				INFOPLIST_FILE = BlocksTest/Info.plist;
				LD_RUNPATH_SEARCH_PATHS = (
					"$(inherited)",
					"@executable_path/Frameworks",
				);
				PRODUCT_BUNDLE_IDENTIFIER = com.nikshhu.BlocksTest;
				PRODUCT_NAME = "$(TARGET_NAME)";
				TARGETED_DEVICE_FAMILY = "1,2";
			};
			name = Debug;
		};
		079B62F923095AD10046912D /* Release */ = {
			isa = XCBuildConfiguration;
			buildSettings = {
				ASSETCATALOG_COMPILER_APPICON_NAME = AppIcon;
				CODE_SIGN_STYLE = Automatic;
				DEVELOPMENT_TEAM = 8K6XPBTM28;
				INFOPLIST_FILE = BlocksTest/Info.plist;
				LD_RUNPATH_SEARCH_PATHS = (
					"$(inherited)",
					"@executable_path/Frameworks",
				);
				PRODUCT_BUNDLE_IDENTIFIER = com.nikshhu.BlocksTest;
				PRODUCT_NAME = "$(TARGET_NAME)";
				TARGETED_DEVICE_FAMILY = "1,2";
			};
			name = Release;
		};
/* End XCBuildConfiguration section */

/* Begin XCConfigurationList section */
		079B62DC23095ACF0046912D /* Build configuration list for PBXProject "BlocksTest" */ = {
			isa = XCConfigurationList;
			buildConfigurations = (
				079B62F523095AD10046912D /* Debug */,
				079B62F623095AD10046912D /* Release */,
			);
			defaultConfigurationIsVisible = 0;
			defaultConfigurationName = Release;
		};
		079B62F723095AD10046912D /* Build configuration list for PBXNativeTarget "BlocksTest" */ = {
			isa = XCConfigurationList;
			buildConfigurations = (
				079B62F823095AD10046912D /* Debug */,
				079B62F923095AD10046912D /* Release */,
			);
			defaultConfigurationIsVisible = 0;
			defaultConfigurationName = Release;
		};
/* End XCConfigurationList section */
	};
	rootObject = 079B62D923095ACF0046912D /* Project object */;
}
